// !$*UTF8*$!
{
	archiveVersion = 1;
	classes = {
	};
	objectVersion = 56;
	objects = {

/* Begin PBXBuildFile section */
		3314726D28AD8298000AFD83 /* HomeView.swift in Sources */ = {isa = PBXBuildFile; fileRef = 3314726C28AD8298000AFD83 /* HomeView.swift */; };
		3314726F28AEAF4F000AFD83 /* CustomSearchBar.swift in Sources */ = {isa = PBXBuildFile; fileRef = 3314726E28AEAF4F000AFD83 /* CustomSearchBar.swift */; };
		33D8597C28ABDDCB00C842CF /* AlemAgroApp.swift in Sources */ = {isa = PBXBuildFile; fileRef = 33D8597B28ABDDCB00C842CF /* AlemAgroApp.swift */; };
		33D8597E28ABDDCB00C842CF /* ContentView.swift in Sources */ = {isa = PBXBuildFile; fileRef = 33D8597D28ABDDCB00C842CF /* ContentView.swift */; };
		33D8598028ABDDCC00C842CF /* Assets.xcassets in Resources */ = {isa = PBXBuildFile; fileRef = 33D8597F28ABDDCC00C842CF /* Assets.xcassets */; };
		33D8598328ABDDCC00C842CF /* Preview Assets.xcassets in Resources */ = {isa = PBXBuildFile; fileRef = 33D8598228ABDDCC00C842CF /* Preview Assets.xcassets */; };
		33D8599728AC1E4D00C842CF /* CircleBackground.swift in Sources */ = {isa = PBXBuildFile; fileRef = 33D8599628AC1E4D00C842CF /* CircleBackground.swift */; };
		33D859A228AC2DF800C842CF /* utils.swift in Sources */ = {isa = PBXBuildFile; fileRef = 33D859A128AC2DF800C842CF /* utils.swift */; };
		33D859A628AD6ABB00C842CF /* TabData.swift in Sources */ = {isa = PBXBuildFile; fileRef = 33D859A528AD6ABB00C842CF /* TabData.swift */; };
		33D859A828AD74F000C842CF /* CustomTabBar.swift in Sources */ = {isa = PBXBuildFile; fileRef = 33D859A728AD74F000C842CF /* CustomTabBar.swift */; };
		CD0D0F3F29AC5BCF00A6EDFC /* VisitsView.swift in Sources */ = {isa = PBXBuildFile; fileRef = CD0D0F3E29AC5BCF00A6EDFC /* VisitsView.swift */; };
		CD0D0F4129AC5C8600A6EDFC /* UserModel.swift in Sources */ = {isa = PBXBuildFile; fileRef = CD0D0F4029AC5C8600A6EDFC /* UserModel.swift */; };
		CD0D0F4329AC5D2F00A6EDFC /* UsersViewModel.swift in Sources */ = {isa = PBXBuildFile; fileRef = CD0D0F4229AC5D2F00A6EDFC /* UsersViewModel.swift */; };
		CD0D0F4529AC5FA200A6EDFC /* UserView.swift in Sources */ = {isa = PBXBuildFile; fileRef = CD0D0F4429AC5FA200A6EDFC /* UserView.swift */; };
		CD40908829B7067800269046 /* FinishSurveyView.swift in Sources */ = {isa = PBXBuildFile; fileRef = CD40908729B7067800269046 /* FinishSurveyView.swift */; };
		CD4A3FFB29A725950061744A /* AccountView.swift in Sources */ = {isa = PBXBuildFile; fileRef = CD4A3FFA29A725950061744A /* AccountView.swift */; };
		CD4A3FFE29A727A40061744A /* FirebaseAuth in Frameworks */ = {isa = PBXBuildFile; productRef = CD4A3FFD29A727A40061744A /* FirebaseAuth */; };
		CD4A400029A727BE0061744A /* FirebaseDatabase in Frameworks */ = {isa = PBXBuildFile; productRef = CD4A3FFF29A727BE0061744A /* FirebaseDatabase */; };
		CD4A400229A7413D0061744A /* clientInfoData.json in Resources */ = {isa = PBXBuildFile; fileRef = CD4A400129A7413C0061744A /* clientInfoData.json */; };
		CD4A400829A741FC0061744A /* Client.swift in Sources */ = {isa = PBXBuildFile; fileRef = CD4A400729A741FC0061744A /* Client.swift */; };
		CD4A400A29A742070061744A /* ModelData.swift in Sources */ = {isa = PBXBuildFile; fileRef = CD4A400929A742070061744A /* ModelData.swift */; };
		CD4A401129A744720061744A /* ClientList.swift in Sources */ = {isa = PBXBuildFile; fileRef = CD4A400C29A744720061744A /* ClientList.swift */; };
		CD4A401229A744720061744A /* ClientRow.swift in Sources */ = {isa = PBXBuildFile; fileRef = CD4A400D29A744720061744A /* ClientRow.swift */; };
		CD4A401429A744720061744A /* ClientView.swift in Sources */ = {isa = PBXBuildFile; fileRef = CD4A400F29A744720061744A /* ClientView.swift */; };
		CD4A401529A744720061744A /* ClientDetail.swift in Sources */ = {isa = PBXBuildFile; fileRef = CD4A401029A744720061744A /* ClientDetail.swift */; };
		CD4FAE6929B98E0000E90679 /* SurveyView.swift in Sources */ = {isa = PBXBuildFile; fileRef = CD4FAE6829B98E0000E90679 /* SurveyView.swift */; };
		CD556A3429B1BAB500A8E722 /* ClientStateView.swift in Sources */ = {isa = PBXBuildFile; fileRef = CD556A3329B1BAB500A8E722 /* ClientStateView.swift */; };
		CD556A3629B1BAC000A8E722 /* ClientStateModel.swift in Sources */ = {isa = PBXBuildFile; fileRef = CD556A3529B1BAC000A8E722 /* ClientStateModel.swift */; };
		CD556A3829B1BAED00A8E722 /* ClientStateViewModel.swift in Sources */ = {isa = PBXBuildFile; fileRef = CD556A3729B1BAED00A8E722 /* ClientStateViewModel.swift */; };
		CD556A3A29B1BD0600A8E722 /* ClientStView.swift in Sources */ = {isa = PBXBuildFile; fileRef = CD556A3929B1BD0600A8E722 /* ClientStView.swift */; };
		CD5E7BBB29A8C7F500EE7D2F /* MatchedView.swift in Sources */ = {isa = PBXBuildFile; fileRef = CD5E7BBA29A8C7F500EE7D2F /* MatchedView.swift */; };
		CD6B906E29D2E4CC00DE6443 /* SIManager.swift in Sources */ = {isa = PBXBuildFile; fileRef = CD6B906D29D2E4CC00DE6443 /* SIManager.swift */; };
		CD6B907029D2EE6700DE6443 /* FixedSurvey.swift in Sources */ = {isa = PBXBuildFile; fileRef = CD6B906F29D2EE6700DE6443 /* FixedSurvey.swift */; };
		CD7C171229C2EA0700F0803E /* ClientsList.swift in Sources */ = {isa = PBXBuildFile; fileRef = CD7C171129C2EA0700F0803E /* ClientsList.swift */; };
		CD7C171429C32ECB00F0803E /* Autorization.swift in Sources */ = {isa = PBXBuildFile; fileRef = CD7C171329C32ECB00F0803E /* Autorization.swift */; };
		CD9CC0E329C860420076F9CA /* FieldView.swift in Sources */ = {isa = PBXBuildFile; fileRef = CD9CC0E229C860420076F9CA /* FieldView.swift */; };
		CD9CC0E529C874E40076F9CA /* AgrConclusion.swift in Sources */ = {isa = PBXBuildFile; fileRef = CD9CC0E429C874E40076F9CA /* AgrConclusion.swift */; };
		CD9CC0E729C87C0E0076F9CA /* WholeModel.swift in Sources */ = {isa = PBXBuildFile; fileRef = CD9CC0E629C87C0E0076F9CA /* WholeModel.swift */; };
		CD9CC0F029D19F4D0076F9CA /* Difficulties.swift in Sources */ = {isa = PBXBuildFile; fileRef = CD9CC0EF29D19F4D0076F9CA /* Difficulties.swift */; };
		CD9CC0F229D1A11D0076F9CA /* Recommendations.swift in Sources */ = {isa = PBXBuildFile; fileRef = CD9CC0F129D1A11D0076F9CA /* Recommendations.swift */; };
		CDA00DCF29BAF97100011CE7 /* SelectVisitView.swift in Sources */ = {isa = PBXBuildFile; fileRef = CDA00DCE29BAF97100011CE7 /* SelectVisitView.swift */; };
		CDB683C029A71CC8003BED40 /* GoogleService-Info.plist in Resources */ = {isa = PBXBuildFile; fileRef = CDB683BF29A71CC8003BED40 /* GoogleService-Info.plist */; };
		CDD1A073299E1636003E4C43 /* FirebaseFirestore in Frameworks */ = {isa = PBXBuildFile; productRef = CDD1A072299E1636003E4C43 /* FirebaseFirestore */; };
		CDD1A075299E1636003E4C43 /* FirebaseFirestoreSwift in Frameworks */ = {isa = PBXBuildFile; productRef = CDD1A074299E1636003E4C43 /* FirebaseFirestoreSwift */; };
		CDD1A07F299F695B003E4C43 /* SDWebImageSwiftUI in Frameworks */ = {isa = PBXBuildFile; productRef = CDD1A07E299F695B003E4C43 /* SDWebImageSwiftUI */; };
		CDD68CE129C082B30056F76D /* VisitsClientsList.swift in Sources */ = {isa = PBXBuildFile; fileRef = CDD68CE029C082B30056F76D /* VisitsClientsList.swift */; };
/* End PBXBuildFile section */

/* Begin PBXFileReference section */
		3314726C28AD8298000AFD83 /* HomeView.swift */ = {isa = PBXFileReference; lastKnownFileType = sourcecode.swift; path = HomeView.swift; sourceTree = "<group>"; };
		3314726E28AEAF4F000AFD83 /* CustomSearchBar.swift */ = {isa = PBXFileReference; lastKnownFileType = sourcecode.swift; path = CustomSearchBar.swift; sourceTree = "<group>"; };
		33D8597828ABDDCB00C842CF /* AlemAgro.app */ = {isa = PBXFileReference; explicitFileType = wrapper.application; includeInIndex = 0; path = AlemAgro.app; sourceTree = BUILT_PRODUCTS_DIR; };
		33D8597B28ABDDCB00C842CF /* AlemAgroApp.swift */ = {isa = PBXFileReference; lastKnownFileType = sourcecode.swift; path = AlemAgroApp.swift; sourceTree = "<group>"; };
		33D8597D28ABDDCB00C842CF /* ContentView.swift */ = {isa = PBXFileReference; lastKnownFileType = sourcecode.swift; path = ContentView.swift; sourceTree = "<group>"; };
		33D8597F28ABDDCC00C842CF /* Assets.xcassets */ = {isa = PBXFileReference; lastKnownFileType = folder.assetcatalog; path = Assets.xcassets; sourceTree = "<group>"; };
		33D8598228ABDDCC00C842CF /* Preview Assets.xcassets */ = {isa = PBXFileReference; lastKnownFileType = folder.assetcatalog; path = "Preview Assets.xcassets"; sourceTree = "<group>"; };
		33D8599628AC1E4D00C842CF /* CircleBackground.swift */ = {isa = PBXFileReference; lastKnownFileType = sourcecode.swift; path = CircleBackground.swift; sourceTree = "<group>"; };
		33D859A128AC2DF800C842CF /* utils.swift */ = {isa = PBXFileReference; lastKnownFileType = sourcecode.swift; path = utils.swift; sourceTree = "<group>"; };
		33D859A528AD6ABB00C842CF /* TabData.swift */ = {isa = PBXFileReference; lastKnownFileType = sourcecode.swift; path = TabData.swift; sourceTree = "<group>"; };
		33D859A728AD74F000C842CF /* CustomTabBar.swift */ = {isa = PBXFileReference; lastKnownFileType = sourcecode.swift; path = CustomTabBar.swift; sourceTree = "<group>"; };
		CD0D0F3E29AC5BCF00A6EDFC /* VisitsView.swift */ = {isa = PBXFileReference; lastKnownFileType = sourcecode.swift; path = VisitsView.swift; sourceTree = "<group>"; };
		CD0D0F4029AC5C8600A6EDFC /* UserModel.swift */ = {isa = PBXFileReference; lastKnownFileType = sourcecode.swift; path = UserModel.swift; sourceTree = "<group>"; };
		CD0D0F4229AC5D2F00A6EDFC /* UsersViewModel.swift */ = {isa = PBXFileReference; lastKnownFileType = sourcecode.swift; path = UsersViewModel.swift; sourceTree = "<group>"; };
		CD0D0F4429AC5FA200A6EDFC /* UserView.swift */ = {isa = PBXFileReference; lastKnownFileType = sourcecode.swift; path = UserView.swift; sourceTree = "<group>"; };
		CD0F872829A157BF002D6056 /* Info.plist */ = {isa = PBXFileReference; lastKnownFileType = text.plist; path = Info.plist; sourceTree = "<group>"; };
		CD40908729B7067800269046 /* FinishSurveyView.swift */ = {isa = PBXFileReference; lastKnownFileType = sourcecode.swift; path = FinishSurveyView.swift; sourceTree = "<group>"; };
		CD4A3FFA29A725950061744A /* AccountView.swift */ = {isa = PBXFileReference; fileEncoding = 4; lastKnownFileType = sourcecode.swift; path = AccountView.swift; sourceTree = "<group>"; };
		CD4A400129A7413C0061744A /* clientInfoData.json */ = {isa = PBXFileReference; fileEncoding = 4; lastKnownFileType = text.json; path = clientInfoData.json; sourceTree = "<group>"; };
		CD4A400729A741FC0061744A /* Client.swift */ = {isa = PBXFileReference; lastKnownFileType = sourcecode.swift; path = Client.swift; sourceTree = "<group>"; };
		CD4A400929A742070061744A /* ModelData.swift */ = {isa = PBXFileReference; lastKnownFileType = sourcecode.swift; path = ModelData.swift; sourceTree = "<group>"; };
		CD4A400C29A744720061744A /* ClientList.swift */ = {isa = PBXFileReference; fileEncoding = 4; lastKnownFileType = sourcecode.swift; path = ClientList.swift; sourceTree = "<group>"; };
		CD4A400D29A744720061744A /* ClientRow.swift */ = {isa = PBXFileReference; fileEncoding = 4; lastKnownFileType = sourcecode.swift; path = ClientRow.swift; sourceTree = "<group>"; };
		CD4A400F29A744720061744A /* ClientView.swift */ = {isa = PBXFileReference; fileEncoding = 4; lastKnownFileType = sourcecode.swift; path = ClientView.swift; sourceTree = "<group>"; };
		CD4A401029A744720061744A /* ClientDetail.swift */ = {isa = PBXFileReference; fileEncoding = 4; lastKnownFileType = sourcecode.swift; path = ClientDetail.swift; sourceTree = "<group>"; };
		CD4FAE6829B98E0000E90679 /* SurveyView.swift */ = {isa = PBXFileReference; lastKnownFileType = sourcecode.swift; path = SurveyView.swift; sourceTree = "<group>"; };
		CD556A3329B1BAB500A8E722 /* ClientStateView.swift */ = {isa = PBXFileReference; lastKnownFileType = sourcecode.swift; path = ClientStateView.swift; sourceTree = "<group>"; };
		CD556A3529B1BAC000A8E722 /* ClientStateModel.swift */ = {isa = PBXFileReference; lastKnownFileType = sourcecode.swift; path = ClientStateModel.swift; sourceTree = "<group>"; };
		CD556A3729B1BAED00A8E722 /* ClientStateViewModel.swift */ = {isa = PBXFileReference; lastKnownFileType = sourcecode.swift; path = ClientStateViewModel.swift; sourceTree = "<group>"; };
		CD556A3929B1BD0600A8E722 /* ClientStView.swift */ = {isa = PBXFileReference; lastKnownFileType = sourcecode.swift; path = ClientStView.swift; sourceTree = "<group>"; };
		CD5E7BBA29A8C7F500EE7D2F /* MatchedView.swift */ = {isa = PBXFileReference; lastKnownFileType = sourcecode.swift; path = MatchedView.swift; sourceTree = "<group>"; };
		CD6B906D29D2E4CC00DE6443 /* SIManager.swift */ = {isa = PBXFileReference; lastKnownFileType = sourcecode.swift; path = SIManager.swift; sourceTree = "<group>"; };
		CD6B906F29D2EE6700DE6443 /* FixedSurvey.swift */ = {isa = PBXFileReference; lastKnownFileType = sourcecode.swift; path = FixedSurvey.swift; sourceTree = "<group>"; };
		CD7C171129C2EA0700F0803E /* ClientsList.swift */ = {isa = PBXFileReference; lastKnownFileType = sourcecode.swift; path = ClientsList.swift; sourceTree = "<group>"; };
		CD7C171329C32ECB00F0803E /* Autorization.swift */ = {isa = PBXFileReference; lastKnownFileType = sourcecode.swift; path = Autorization.swift; sourceTree = "<group>"; };
		CD9CC0E229C860420076F9CA /* FieldView.swift */ = {isa = PBXFileReference; lastKnownFileType = sourcecode.swift; path = FieldView.swift; sourceTree = "<group>"; };
		CD9CC0E429C874E40076F9CA /* AgrConclusion.swift */ = {isa = PBXFileReference; lastKnownFileType = sourcecode.swift; path = AgrConclusion.swift; sourceTree = "<group>"; };
		CD9CC0E629C87C0E0076F9CA /* WholeModel.swift */ = {isa = PBXFileReference; lastKnownFileType = sourcecode.swift; path = WholeModel.swift; sourceTree = "<group>"; };
		CD9CC0EF29D19F4D0076F9CA /* Difficulties.swift */ = {isa = PBXFileReference; lastKnownFileType = sourcecode.swift; path = Difficulties.swift; sourceTree = "<group>"; };
		CD9CC0F129D1A11D0076F9CA /* Recommendations.swift */ = {isa = PBXFileReference; lastKnownFileType = sourcecode.swift; path = Recommendations.swift; sourceTree = "<group>"; };
		CDA00DCE29BAF97100011CE7 /* SelectVisitView.swift */ = {isa = PBXFileReference; lastKnownFileType = sourcecode.swift; path = SelectVisitView.swift; sourceTree = "<group>"; };
		CDB683BF29A71CC8003BED40 /* GoogleService-Info.plist */ = {isa = PBXFileReference; fileEncoding = 4; lastKnownFileType = text.plist.xml; path = "GoogleService-Info.plist"; sourceTree = "<group>"; };
		CDD68CE029C082B30056F76D /* VisitsClientsList.swift */ = {isa = PBXFileReference; lastKnownFileType = sourcecode.swift; path = VisitsClientsList.swift; sourceTree = "<group>"; };
/* End PBXFileReference section */

/* Begin PBXFrameworksBuildPhase section */
		33D8597528ABDDCB00C842CF /* Frameworks */ = {
			isa = PBXFrameworksBuildPhase;
			buildActionMask = 2147483647;
			files = (
				CD4A400029A727BE0061744A /* FirebaseDatabase in Frameworks */,
				CDD1A07F299F695B003E4C43 /* SDWebImageSwiftUI in Frameworks */,
				CDD1A073299E1636003E4C43 /* FirebaseFirestore in Frameworks */,
				CDD1A075299E1636003E4C43 /* FirebaseFirestoreSwift in Frameworks */,
				CD4A3FFE29A727A40061744A /* FirebaseAuth in Frameworks */,
			);
			runOnlyForDeploymentPostprocessing = 0;
		};
/* End PBXFrameworksBuildPhase section */

/* Begin PBXGroup section */
		33D8596F28ABDDCB00C842CF = {
			isa = PBXGroup;
			children = (
				CD4A3FF829A725950061744A /* Account */,
				33D8597A28ABDDCB00C842CF /* AlemAgro */,
				33D8597928ABDDCB00C842CF /* Products */,
				CD4A3FFC29A727A40061744A /* Frameworks */,
			);
			sourceTree = "<group>";
		};
		33D8597928ABDDCB00C842CF /* Products */ = {
			isa = PBXGroup;
			children = (
				33D8597828ABDDCB00C842CF /* AlemAgro.app */,
			);
			name = Products;
			sourceTree = "<group>";
		};
		33D8597A28ABDDCB00C842CF /* AlemAgro */ = {
			isa = PBXGroup;
			children = (
				CD0F872829A157BF002D6056 /* Info.plist */,
				CDB683BF29A71CC8003BED40 /* GoogleService-Info.plist */,
				33D8599528AC1DEC00C842CF /* UI */,
				33D8598C28AC0E4500C842CF /* TabData */,
				33D8598A28AC0E0000C842CF /* Home */,
				CD0D0F3B29AC5BB100A6EDFC /* Visits */,
				33D8597B28ABDDCB00C842CF /* AlemAgroApp.swift */,
				CD4A400429A741B90061744A /* ClientInfo */,
				33D8597D28ABDDCB00C842CF /* ContentView.swift */,
				33D8597F28ABDDCC00C842CF /* Assets.xcassets */,
				33D8598128ABDDCC00C842CF /* Preview Content */,
				33D859A128AC2DF800C842CF /* utils.swift */,
				CD7C171329C32ECB00F0803E /* Autorization.swift */,
			);
			path = AlemAgro;
			sourceTree = "<group>";
		};
		33D8598128ABDDCC00C842CF /* Preview Content */ = {
			isa = PBXGroup;
			children = (
				33D8598228ABDDCC00C842CF /* Preview Assets.xcassets */,
			);
			path = "Preview Content";
			sourceTree = "<group>";
		};
		33D8598A28AC0E0000C842CF /* Home */ = {
			isa = PBXGroup;
			children = (
				3314726C28AD8298000AFD83 /* HomeView.swift */,
				CD5E7BBA29A8C7F500EE7D2F /* MatchedView.swift */,
			);
			path = Home;
			sourceTree = "<group>";
		};
		33D8598C28AC0E4500C842CF /* TabData */ = {
			isa = PBXGroup;
			children = (
				33D859A528AD6ABB00C842CF /* TabData.swift */,
			);
			path = TabData;
			sourceTree = "<group>";
		};
		33D8599528AC1DEC00C842CF /* UI */ = {
			isa = PBXGroup;
			children = (
				33D8599628AC1E4D00C842CF /* CircleBackground.swift */,
				33D859A728AD74F000C842CF /* CustomTabBar.swift */,
				3314726E28AEAF4F000AFD83 /* CustomSearchBar.swift */,
			);
			path = UI;
			sourceTree = "<group>";
		};
		CD0D0F3B29AC5BB100A6EDFC /* Visits */ = {
			isa = PBXGroup;
			children = (
				CD556A3229B1BA9600A8E722 /* ClientState */,
				CD0D0F3E29AC5BCF00A6EDFC /* VisitsView.swift */,
				CD0D0F4029AC5C8600A6EDFC /* UserModel.swift */,
				CD0D0F4229AC5D2F00A6EDFC /* UsersViewModel.swift */,
				CD0D0F4429AC5FA200A6EDFC /* UserView.swift */,
			);
			path = Visits;
			sourceTree = "<group>";
		};
		CD40908629B7062D00269046 /* FinishSurvey */ = {
			isa = PBXGroup;
			children = (
				CD40908729B7067800269046 /* FinishSurveyView.swift */,
				CD4FAE6829B98E0000E90679 /* SurveyView.swift */,
			);
			path = FinishSurvey;
			sourceTree = "<group>";
		};
		CD4A3FF829A725950061744A /* Account */ = {
			isa = PBXGroup;
			children = (
				CD4A3FF929A725950061744A /* View */,
			);
			path = Account;
			sourceTree = "<group>";
		};
		CD4A3FF929A725950061744A /* View */ = {
			isa = PBXGroup;
			children = (
				CD4A3FFA29A725950061744A /* AccountView.swift */,
			);
			path = View;
			sourceTree = "<group>";
		};
		CD4A3FFC29A727A40061744A /* Frameworks */ = {
			isa = PBXGroup;
			children = (
			);
			name = Frameworks;
			sourceTree = "<group>";
		};
		CD4A400329A7418F0061744A /* Resources */ = {
			isa = PBXGroup;
			children = (
				CD4A400129A7413C0061744A /* clientInfoData.json */,
			);
			path = Resources;
			sourceTree = "<group>";
		};
		CD4A400429A741B90061744A /* ClientInfo */ = {
			isa = PBXGroup;
			children = (
				CD4A400B29A744720061744A /* Views */,
				CD4A400529A741C70061744A /* Model */,
				CD4A400329A7418F0061744A /* Resources */,
			);
			path = ClientInfo;
			sourceTree = "<group>";
		};
		CD4A400529A741C70061744A /* Model */ = {
			isa = PBXGroup;
			children = (
				CD4A400729A741FC0061744A /* Client.swift */,
				CD4A400929A742070061744A /* ModelData.swift */,
			);
			path = Model;
			sourceTree = "<group>";
		};
		CD4A400B29A744720061744A /* Views */ = {
			isa = PBXGroup;
			children = (
				CD4A400C29A744720061744A /* ClientList.swift */,
				CD4A400D29A744720061744A /* ClientRow.swift */,
				CD4A400F29A744720061744A /* ClientView.swift */,
				CD4A401029A744720061744A /* ClientDetail.swift */,
			);
			path = Views;
			sourceTree = "<group>";
		};
		CD556A3229B1BA9600A8E722 /* ClientState */ = {
			isa = PBXGroup;
			children = (
				CD40908629B7062D00269046 /* FinishSurvey */,
				CD556A3329B1BAB500A8E722 /* ClientStateView.swift */,
				CD556A3529B1BAC000A8E722 /* ClientStateModel.swift */,
				CD556A3729B1BAED00A8E722 /* ClientStateViewModel.swift */,
				CD556A3929B1BD0600A8E722 /* ClientStView.swift */,
				CD9CC0EE29D19EBA0076F9CA /* Survey */,
				CD9CC0E629C87C0E0076F9CA /* WholeModel.swift */,
				CD9CC0E429C874E40076F9CA /* AgrConclusion.swift */,
			);
			path = ClientState;
			sourceTree = "<group>";
		};
		CD9CC0EE29D19EBA0076F9CA /* Survey */ = {
			isa = PBXGroup;
			children = (
				CDA00DCE29BAF97100011CE7 /* SelectVisitView.swift */,
				CD9CC0F129D1A11D0076F9CA /* Recommendations.swift */,
				CD9CC0EF29D19F4D0076F9CA /* Difficulties.swift */,
				CD7C171129C2EA0700F0803E /* ClientsList.swift */,
				CDD68CE029C082B30056F76D /* VisitsClientsList.swift */,
				CD9CC0E229C860420076F9CA /* FieldView.swift */,
				CD6B906F29D2EE6700DE6443 /* FixedSurvey.swift */,
				CD6B906D29D2E4CC00DE6443 /* SIManager.swift */,
			);
			path = Survey;
			sourceTree = "<group>";
		};
/* End PBXGroup section */

/* Begin PBXNativeTarget section */
		33D8597728ABDDCB00C842CF /* AlemAgro */ = {
			isa = PBXNativeTarget;
			buildConfigurationList = 33D8598628ABDDCC00C842CF /* Build configuration list for PBXNativeTarget "AlemAgro" */;
			buildPhases = (
				33D8597428ABDDCB00C842CF /* Sources */,
				33D8597528ABDDCB00C842CF /* Frameworks */,
				33D8597628ABDDCB00C842CF /* Resources */,
			);
			buildRules = (
			);
			dependencies = (
			);
			name = AlemAgro;
			packageProductDependencies = (
				CDD1A072299E1636003E4C43 /* FirebaseFirestore */,
				CDD1A074299E1636003E4C43 /* FirebaseFirestoreSwift */,
				CDD1A07E299F695B003E4C43 /* SDWebImageSwiftUI */,
				CD4A3FFD29A727A40061744A /* FirebaseAuth */,
				CD4A3FFF29A727BE0061744A /* FirebaseDatabase */,
			);
			productName = MovieBooking;
			productReference = 33D8597828ABDDCB00C842CF /* AlemAgro.app */;
			productType = "com.apple.product-type.application";
		};
/* End PBXNativeTarget section */

/* Begin PBXProject section */
		33D8597028ABDDCB00C842CF /* Project object */ = {
			isa = PBXProject;
			attributes = {
				BuildIndependentTargetsInParallel = 1;
				LastSwiftUpdateCheck = 1400;
				LastUpgradeCheck = 1400;
				TargetAttributes = {
					33D8597728ABDDCB00C842CF = {
						CreatedOnToolsVersion = 14.0;
					};
				};
			};
			buildConfigurationList = 33D8597328ABDDCB00C842CF /* Build configuration list for PBXProject "AlemAgro" */;
			compatibilityVersion = "Xcode 14.0";
			developmentRegion = en;
			hasScannedForEncodings = 0;
			knownRegions = (
				en,
				Base,
			);
			mainGroup = 33D8596F28ABDDCB00C842CF;
			packageReferences = (
				CDD1A071299E1636003E4C43 /* XCRemoteSwiftPackageReference "firebase-ios-sdk" */,
				CDD1A07D299F695B003E4C43 /* XCRemoteSwiftPackageReference "SDWebImageSwiftUI" */,
			);
			productRefGroup = 33D8597928ABDDCB00C842CF /* Products */;
			projectDirPath = "";
			projectRoot = "";
			targets = (
				33D8597728ABDDCB00C842CF /* AlemAgro */,
			);
		};
/* End PBXProject section */

/* Begin PBXResourcesBuildPhase section */
		33D8597628ABDDCB00C842CF /* Resources */ = {
			isa = PBXResourcesBuildPhase;
			buildActionMask = 2147483647;
			files = (
				CD4A400229A7413D0061744A /* clientInfoData.json in Resources */,
				CDB683C029A71CC8003BED40 /* GoogleService-Info.plist in Resources */,
				33D8598328ABDDCC00C842CF /* Preview Assets.xcassets in Resources */,
				33D8598028ABDDCC00C842CF /* Assets.xcassets in Resources */,
			);
			runOnlyForDeploymentPostprocessing = 0;
		};
/* End PBXResourcesBuildPhase section */

/* Begin PBXSourcesBuildPhase section */
		33D8597428ABDDCB00C842CF /* Sources */ = {
			isa = PBXSourcesBuildPhase;
			buildActionMask = 2147483647;
			files = (
				CD9CC0E529C874E40076F9CA /* AgrConclusion.swift in Sources */,
				33D859A228AC2DF800C842CF /* utils.swift in Sources */,
				CD0D0F3F29AC5BCF00A6EDFC /* VisitsView.swift in Sources */,
				33D859A828AD74F000C842CF /* CustomTabBar.swift in Sources */,
				CD6B906E29D2E4CC00DE6443 /* SIManager.swift in Sources */,
				CD9CC0F229D1A11D0076F9CA /* Recommendations.swift in Sources */,
				3314726D28AD8298000AFD83 /* HomeView.swift in Sources */,
				CD0D0F4129AC5C8600A6EDFC /* UserModel.swift in Sources */,
				CD6B907029D2EE6700DE6443 /* FixedSurvey.swift in Sources */,
				CD9CC0F029D19F4D0076F9CA /* Difficulties.swift in Sources */,
				33D859A628AD6ABB00C842CF /* TabData.swift in Sources */,
				CD4A401229A744720061744A /* ClientRow.swift in Sources */,
				CD40908829B7067800269046 /* FinishSurveyView.swift in Sources */,
				33D8597E28ABDDCB00C842CF /* ContentView.swift in Sources */,
				CDD68CE129C082B30056F76D /* VisitsClientsList.swift in Sources */,
				CD4A3FFB29A725950061744A /* AccountView.swift in Sources */,
				3314726F28AEAF4F000AFD83 /* CustomSearchBar.swift in Sources */,
				CD0D0F4529AC5FA200A6EDFC /* UserView.swift in Sources */,
				CD5E7BBB29A8C7F500EE7D2F /* MatchedView.swift in Sources */,
				CD556A3429B1BAB500A8E722 /* ClientStateView.swift in Sources */,
				CD4A400A29A742070061744A /* ModelData.swift in Sources */,
				33D8599728AC1E4D00C842CF /* CircleBackground.swift in Sources */,
				CD4A401529A744720061744A /* ClientDetail.swift in Sources */,
				CD556A3629B1BAC000A8E722 /* ClientStateModel.swift in Sources */,
				CD9CC0E729C87C0E0076F9CA /* WholeModel.swift in Sources */,
				CD4A400829A741FC0061744A /* Client.swift in Sources */,
				CD9CC0E329C860420076F9CA /* FieldView.swift in Sources */,
				CD7C171229C2EA0700F0803E /* ClientsList.swift in Sources */,
				CD0D0F4329AC5D2F00A6EDFC /* UsersViewModel.swift in Sources */,
				CD4A401129A744720061744A /* ClientList.swift in Sources */,
				CDA00DCF29BAF97100011CE7 /* SelectVisitView.swift in Sources */,
				CD556A3A29B1BD0600A8E722 /* ClientStView.swift in Sources */,
				CD556A3829B1BAED00A8E722 /* ClientStateViewModel.swift in Sources */,
				33D8597C28ABDDCB00C842CF /* AlemAgroApp.swift in Sources */,
				CD4FAE6929B98E0000E90679 /* SurveyView.swift in Sources */,
				CD7C171429C32ECB00F0803E /* Autorization.swift in Sources */,
				CD4A401429A744720061744A /* ClientView.swift in Sources */,
			);
			runOnlyForDeploymentPostprocessing = 0;
		};
/* End PBXSourcesBuildPhase section */

/* Begin XCBuildConfiguration section */
		33D8598428ABDDCC00C842CF /* Debug */ = {
			isa = XCBuildConfiguration;
			buildSettings = {
				ALWAYS_SEARCH_USER_PATHS = NO;
				CLANG_ANALYZER_NONNULL = YES;
				CLANG_ANALYZER_NUMBER_OBJECT_CONVERSION = YES_AGGRESSIVE;
				CLANG_CXX_LANGUAGE_STANDARD = "gnu++20";
				CLANG_ENABLE_MODULES = YES;
				CLANG_ENABLE_OBJC_ARC = YES;
				CLANG_ENABLE_OBJC_WEAK = YES;
				CLANG_WARN_BLOCK_CAPTURE_AUTORELEASING = YES;
				CLANG_WARN_BOOL_CONVERSION = YES;
				CLANG_WARN_COMMA = YES;
				CLANG_WARN_CONSTANT_CONVERSION = YES;
				CLANG_WARN_DEPRECATED_OBJC_IMPLEMENTATIONS = YES;
				CLANG_WARN_DIRECT_OBJC_ISA_USAGE = YES_ERROR;
				CLANG_WARN_DOCUMENTATION_COMMENTS = YES;
				CLANG_WARN_EMPTY_BODY = YES;
				CLANG_WARN_ENUM_CONVERSION = YES;
				CLANG_WARN_INFINITE_RECURSION = YES;
				CLANG_WARN_INT_CONVERSION = YES;
				CLANG_WARN_NON_LITERAL_NULL_CONVERSION = YES;
				CLANG_WARN_OBJC_IMPLICIT_RETAIN_SELF = YES;
				CLANG_WARN_OBJC_LITERAL_CONVERSION = YES;
				CLANG_WARN_OBJC_ROOT_CLASS = YES_ERROR;
				CLANG_WARN_QUOTED_INCLUDE_IN_FRAMEWORK_HEADER = YES;
				CLANG_WARN_RANGE_LOOP_ANALYSIS = YES;
				CLANG_WARN_STRICT_PROTOTYPES = YES;
				CLANG_WARN_SUSPICIOUS_MOVE = YES;
				CLANG_WARN_UNGUARDED_AVAILABILITY = YES_AGGRESSIVE;
				CLANG_WARN_UNREACHABLE_CODE = YES;
				CLANG_WARN__DUPLICATE_METHOD_MATCH = YES;
				COPY_PHASE_STRIP = NO;
				DEBUG_INFORMATION_FORMAT = dwarf;
				ENABLE_STRICT_OBJC_MSGSEND = YES;
				ENABLE_TESTABILITY = YES;
				GCC_C_LANGUAGE_STANDARD = gnu11;
				GCC_DYNAMIC_NO_PIC = NO;
				GCC_NO_COMMON_BLOCKS = YES;
				GCC_OPTIMIZATION_LEVEL = 0;
				GCC_PREPROCESSOR_DEFINITIONS = (
					"DEBUG=1",
					"$(inherited)",
				);
				GCC_WARN_64_TO_32_BIT_CONVERSION = YES;
				GCC_WARN_ABOUT_RETURN_TYPE = YES_ERROR;
				GCC_WARN_UNDECLARED_SELECTOR = YES;
				GCC_WARN_UNINITIALIZED_AUTOS = YES_AGGRESSIVE;
				GCC_WARN_UNUSED_FUNCTION = YES;
				GCC_WARN_UNUSED_VARIABLE = YES;
				IPHONEOS_DEPLOYMENT_TARGET = 16.0;
				MTL_ENABLE_DEBUG_INFO = INCLUDE_SOURCE;
				MTL_FAST_MATH = YES;
				ONLY_ACTIVE_ARCH = YES;
				SDKROOT = iphoneos;
				SWIFT_ACTIVE_COMPILATION_CONDITIONS = DEBUG;
				SWIFT_OPTIMIZATION_LEVEL = "-Onone";
			};
			name = Debug;
		};
		33D8598528ABDDCC00C842CF /* Release */ = {
			isa = XCBuildConfiguration;
			buildSettings = {
				ALWAYS_SEARCH_USER_PATHS = NO;
				CLANG_ANALYZER_NONNULL = YES;
				CLANG_ANALYZER_NUMBER_OBJECT_CONVERSION = YES_AGGRESSIVE;
				CLANG_CXX_LANGUAGE_STANDARD = "gnu++20";
				CLANG_ENABLE_MODULES = YES;
				CLANG_ENABLE_OBJC_ARC = YES;
				CLANG_ENABLE_OBJC_WEAK = YES;
				CLANG_WARN_BLOCK_CAPTURE_AUTORELEASING = YES;
				CLANG_WARN_BOOL_CONVERSION = YES;
				CLANG_WARN_COMMA = YES;
				CLANG_WARN_CONSTANT_CONVERSION = YES;
				CLANG_WARN_DEPRECATED_OBJC_IMPLEMENTATIONS = YES;
				CLANG_WARN_DIRECT_OBJC_ISA_USAGE = YES_ERROR;
				CLANG_WARN_DOCUMENTATION_COMMENTS = YES;
				CLANG_WARN_EMPTY_BODY = YES;
				CLANG_WARN_ENUM_CONVERSION = YES;
				CLANG_WARN_INFINITE_RECURSION = YES;
				CLANG_WARN_INT_CONVERSION = YES;
				CLANG_WARN_NON_LITERAL_NULL_CONVERSION = YES;
				CLANG_WARN_OBJC_IMPLICIT_RETAIN_SELF = YES;
				CLANG_WARN_OBJC_LITERAL_CONVERSION = YES;
				CLANG_WARN_OBJC_ROOT_CLASS = YES_ERROR;
				CLANG_WARN_QUOTED_INCLUDE_IN_FRAMEWORK_HEADER = YES;
				CLANG_WARN_RANGE_LOOP_ANALYSIS = YES;
				CLANG_WARN_STRICT_PROTOTYPES = YES;
				CLANG_WARN_SUSPICIOUS_MOVE = YES;
				CLANG_WARN_UNGUARDED_AVAILABILITY = YES_AGGRESSIVE;
				CLANG_WARN_UNREACHABLE_CODE = YES;
				CLANG_WARN__DUPLICATE_METHOD_MATCH = YES;
				COPY_PHASE_STRIP = NO;
				DEBUG_INFORMATION_FORMAT = "dwarf-with-dsym";
				ENABLE_NS_ASSERTIONS = NO;
				ENABLE_STRICT_OBJC_MSGSEND = YES;
				GCC_C_LANGUAGE_STANDARD = gnu11;
				GCC_NO_COMMON_BLOCKS = YES;
				GCC_WARN_64_TO_32_BIT_CONVERSION = YES;
				GCC_WARN_ABOUT_RETURN_TYPE = YES_ERROR;
				GCC_WARN_UNDECLARED_SELECTOR = YES;
				GCC_WARN_UNINITIALIZED_AUTOS = YES_AGGRESSIVE;
				GCC_WARN_UNUSED_FUNCTION = YES;
				GCC_WARN_UNUSED_VARIABLE = YES;
				IPHONEOS_DEPLOYMENT_TARGET = 16.0;
				MTL_ENABLE_DEBUG_INFO = NO;
				MTL_FAST_MATH = YES;
				SDKROOT = iphoneos;
				SWIFT_COMPILATION_MODE = wholemodule;
				SWIFT_OPTIMIZATION_LEVEL = "-O";
				VALIDATE_PRODUCT = YES;
			};
			name = Release;
		};
		33D8598728ABDDCC00C842CF /* Debug */ = {
			isa = XCBuildConfiguration;
			buildSettings = {
				ASSETCATALOG_COMPILER_APPICON_NAME = AppIcon;
				ASSETCATALOG_COMPILER_GLOBAL_ACCENT_COLOR_NAME = AccentColor;
				CODE_SIGN_STYLE = Automatic;
				CURRENT_PROJECT_VERSION = 1;
				DEVELOPMENT_ASSET_PATHS = "";
				DEVELOPMENT_TEAM = G4N3GS2J52;
				ENABLE_PREVIEWS = YES;
				GENERATE_INFOPLIST_FILE = YES;
				INFOPLIST_FILE = AlemAgro/Info.plist;
				INFOPLIST_KEY_UIApplicationSceneManifest_Generation = YES;
				INFOPLIST_KEY_UIApplicationSupportsIndirectInputEvents = YES;
				INFOPLIST_KEY_UISupportedInterfaceOrientations_iPad = "UIInterfaceOrientationPortrait UIInterfaceOrientationPortraitUpsideDown UIInterfaceOrientationLandscapeLeft UIInterfaceOrientationLandscapeRight";
				INFOPLIST_KEY_UISupportedInterfaceOrientations_iPhone = "UIInterfaceOrientationPortrait UIInterfaceOrientationLandscapeLeft UIInterfaceOrientationLandscapeRight";
				LD_RUNPATH_SEARCH_PATHS = (
					"$(inherited)",
					"@executable_path/Frameworks",
				);
				MARKETING_VERSION = 1.0;
				PRODUCT_BUNDLE_IDENTIFIER = agtech.kz;
				PRODUCT_NAME = "$(TARGET_NAME)";
				SWIFT_EMIT_LOC_STRINGS = YES;
				SWIFT_VERSION = 5.0;
				TARGETED_DEVICE_FAMILY = "1,2";
			};
			name = Debug;
		};
		33D8598828ABDDCC00C842CF /* Release */ = {
			isa = XCBuildConfiguration;
			buildSettings = {
				ASSETCATALOG_COMPILER_APPICON_NAME = AppIcon;
				ASSETCATALOG_COMPILER_GLOBAL_ACCENT_COLOR_NAME = AccentColor;
				CODE_SIGN_STYLE = Automatic;
				CURRENT_PROJECT_VERSION = 1;
				DEVELOPMENT_ASSET_PATHS = "";
				DEVELOPMENT_TEAM = G4N3GS2J52;
				ENABLE_PREVIEWS = YES;
				GENERATE_INFOPLIST_FILE = YES;
				INFOPLIST_FILE = AlemAgro/Info.plist;
				INFOPLIST_KEY_UIApplicationSceneManifest_Generation = YES;
				INFOPLIST_KEY_UIApplicationSupportsIndirectInputEvents = YES;
				INFOPLIST_KEY_UISupportedInterfaceOrientations_iPad = "UIInterfaceOrientationPortrait UIInterfaceOrientationPortraitUpsideDown UIInterfaceOrientationLandscapeLeft UIInterfaceOrientationLandscapeRight";
				INFOPLIST_KEY_UISupportedInterfaceOrientations_iPhone = "UIInterfaceOrientationPortrait UIInterfaceOrientationLandscapeLeft UIInterfaceOrientationLandscapeRight";
				LD_RUNPATH_SEARCH_PATHS = (
					"$(inherited)",
					"@executable_path/Frameworks",
				);
				MARKETING_VERSION = 1.0;
				PRODUCT_BUNDLE_IDENTIFIER = agtech.kz;
				PRODUCT_NAME = "$(TARGET_NAME)";
				SWIFT_EMIT_LOC_STRINGS = YES;
				SWIFT_VERSION = 5.0;
				TARGETED_DEVICE_FAMILY = "1,2";
			};
			name = Release;
		};
/* End XCBuildConfiguration section */

/* Begin XCConfigurationList section */
		33D8597328ABDDCB00C842CF /* Build configuration list for PBXProject "AlemAgro" */ = {
			isa = XCConfigurationList;
			buildConfigurations = (
				33D8598428ABDDCC00C842CF /* Debug */,
				33D8598528ABDDCC00C842CF /* Release */,
			);
			defaultConfigurationIsVisible = 0;
			defaultConfigurationName = Release;
		};
		33D8598628ABDDCC00C842CF /* Build configuration list for PBXNativeTarget "AlemAgro" */ = {
			isa = XCConfigurationList;
			buildConfigurations = (
				33D8598728ABDDCC00C842CF /* Debug */,
				33D8598828ABDDCC00C842CF /* Release */,
			);
			defaultConfigurationIsVisible = 0;
			defaultConfigurationName = Release;
		};
/* End XCConfigurationList section */

/* Begin XCRemoteSwiftPackageReference section */
		CDD1A071299E1636003E4C43 /* XCRemoteSwiftPackageReference "firebase-ios-sdk" */ = {
			isa = XCRemoteSwiftPackageReference;
			repositoryURL = "https://github.com/firebase/firebase-ios-sdk";
			requirement = {
				kind = upToNextMajorVersion;
				minimumVersion = 9.0.0;
			};
		};
		CDD1A07D299F695B003E4C43 /* XCRemoteSwiftPackageReference "SDWebImageSwiftUI" */ = {
			isa = XCRemoteSwiftPackageReference;
			repositoryURL = "https://github.com/SDWebImage/SDWebImageSwiftUI.git";
			requirement = {
				kind = upToNextMajorVersion;
				minimumVersion = 2.0.0;
			};
		};
/* End XCRemoteSwiftPackageReference section */

/* Begin XCSwiftPackageProductDependency section */
		CD4A3FFD29A727A40061744A /* FirebaseAuth */ = {
			isa = XCSwiftPackageProductDependency;
			package = CDD1A071299E1636003E4C43 /* XCRemoteSwiftPackageReference "firebase-ios-sdk" */;
			productName = FirebaseAuth;
		};
		CD4A3FFF29A727BE0061744A /* FirebaseDatabase */ = {
			isa = XCSwiftPackageProductDependency;
			package = CDD1A071299E1636003E4C43 /* XCRemoteSwiftPackageReference "firebase-ios-sdk" */;
			productName = FirebaseDatabase;
		};
		CDD1A072299E1636003E4C43 /* FirebaseFirestore */ = {
			isa = XCSwiftPackageProductDependency;
			package = CDD1A071299E1636003E4C43 /* XCRemoteSwiftPackageReference "firebase-ios-sdk" */;
			productName = FirebaseFirestore;
		};
		CDD1A074299E1636003E4C43 /* FirebaseFirestoreSwift */ = {
			isa = XCSwiftPackageProductDependency;
			package = CDD1A071299E1636003E4C43 /* XCRemoteSwiftPackageReference "firebase-ios-sdk" */;
			productName = FirebaseFirestoreSwift;
		};
		CDD1A07E299F695B003E4C43 /* SDWebImageSwiftUI */ = {
			isa = XCSwiftPackageProductDependency;
			package = CDD1A07D299F695B003E4C43 /* XCRemoteSwiftPackageReference "SDWebImageSwiftUI" */;
			productName = SDWebImageSwiftUI;
		};
/* End XCSwiftPackageProductDependency section */
	};
	rootObject = 33D8597028ABDDCB00C842CF /* Project object */;
}
